{
  "requires": true,
  "lockfileVersion": 1,
  "dependencies": {
    "highlight.js": {
      "version": "9.18.1",
      "resolved": "https://registry.npm.taobao.org/highlight.js/download/highlight.js-9.18.1.tgz",
      "integrity": "sha1-7SGqAB/mJSuxCj121HVzxlOf4Tw="
    },
    "highlighter": {
      "version": "0.1.0",
      "resolved": "https://registry.npm.taobao.org/highlighter/download/highlighter-0.1.0.tgz",
      "integrity": "sha1-B6QUC65Qqzx/8Zjy0JSziSDMq7I=",
      "requires": {
        "highlight.js": "^9.7.0"
      }
    }
  }
}
